
Microsoft Visual Studio Solution File, Format Version 12.00
# Visual Studio Version 17
VisualStudioVersion = 17.10.35004.147
MinimumVisualStudioVersion = 10.0.40219.1
Project("{FAE04EC0-301F-11D3-BF4B-00C04F79EFBC}") = "Array Codes", "Array Codes.csproj", "{B023A62B-2C0D-4817-B1B5-C0F0BDB581B7}"
EndProject
Global
	GlobalSection(SolutionConfigurationPlatforms) = preSolution
		Debug|Any CPU = Debug|Any CPU
		Release|Any CPU = Release|Any CPU
	EndGlobalSection
	GlobalSection(ProjectConfigurationPlatforms) = postSolution
		{B023A62B-2C0D-4817-B1B5-C0F0BDB581B7}.Debug|Any CPU.ActiveCfg = Debug|Any CPU
		{B023A62B-2C0D-4817-B1B5-C0F0BDB581B7}.Debug|Any CPU.Build.0 = Debug|Any CPU
		{B023A62B-2C0D-4817-B1B5-C0F0BDB581B7}.Release|Any CPU.ActiveCfg = Release|Any CPU
		{B023A62B-2C0D-4817-B1B5-C0F0BDB581B7}.Release|Any CPU.Build.0 = Release|Any CPU
	EndGlobalSection
	GlobalSection(SolutionProperties) = preSolution
		HideSolutionNode = FALSE
	EndGlobalSection
	GlobalSection(ExtensibilityGlobals) = postSolution
		SolutionGuid = {3E7FA62F-7EA5-438E-96A6-DE370B8EA578}
	EndGlobalSection
EndGlobal
